
Microsoft Visual Studio Solution File, Format Version 12.00
# Visual Studio 15
VisualStudioVersion = 15.0.28307.572
MinimumVisualStudioVersion = 10.0.40219.1
Project("{FAE04EC0-301F-11D3-BF4B-00C04F79EFBC}") = "WFConversoes", "WFConversoes\WFConversoes.csproj", "{78BEDD45-36E5-4D79-9624-4CA81540F1B2}"
EndProject
Global
	GlobalSection(SolutionConfigurationPlatforms) = preSolution
		Debug|Any CPU = Debug|Any CPU
		Release|Any CPU = Release|Any CPU
	EndGlobalSection
	GlobalSection(ProjectConfigurationPlatforms) = postSolution
		{78BEDD45-36E5-4D79-9624-4CA81540F1B2}.Debug|Any CPU.ActiveCfg = Debug|Any CPU
		{78BEDD45-36E5-4D79-9624-4CA81540F1B2}.Debug|Any CPU.Build.0 = Debug|Any CPU
		{78BEDD45-36E5-4D79-9624-4CA81540F1B2}.Release|Any CPU.ActiveCfg = Release|Any CPU
		{78BEDD45-36E5-4D79-9624-4CA81540F1B2}.Release|Any CPU.Build.0 = Release|Any CPU
	EndGlobalSection
	GlobalSection(SolutionProperties) = preSolution
		HideSolutionNode = FALSE
	EndGlobalSection
	GlobalSection(ExtensibilityGlobals) = postSolution
		SolutionGuid = {F6108133-A7C2-48A4-8D6B-49A61F380D00}
	EndGlobalSection
EndGlobal
